
Microsoft Visual Studio Solution File, Format Version 12.00
# Visual Studio Version 16
VisualStudioVersion = 16.0.810.14
MinimumVisualStudioVersion = 10.0.40219.1
Project("{FAE04EC0-301F-11D3-BF4B-00C04F79EFBC}") = "WeatherAPI", "WeatherAPI\WeatherAPI.csproj", "{E102487C-0BBC-4EB8-949E-585FF85F7755}"
EndProject
Project("{FAE04EC0-301F-11D3-BF4B-00C04F79EFBC}") = "ExercismTests", "ExercismTests\ExercismTests.csproj", "{D7EC6740-B9F0-43E6-ABA1-2A9D2C7F1A6F}"
EndProject
Global
	GlobalSection(SolutionConfigurationPlatforms) = preSolution
		Debug|Any CPU = Debug|Any CPU
		Release|Any CPU = Release|Any CPU
	EndGlobalSection
	GlobalSection(ProjectConfigurationPlatforms) = postSolution
		{E102487C-0BBC-4EB8-949E-585FF85F7755}.Debug|Any CPU.ActiveCfg = Debug|Any CPU
		{E102487C-0BBC-4EB8-949E-585FF85F7755}.Debug|Any CPU.Build.0 = Debug|Any CPU
		{E102487C-0BBC-4EB8-949E-585FF85F7755}.Release|Any CPU.ActiveCfg = Release|Any CPU
		{E102487C-0BBC-4EB8-949E-585FF85F7755}.Release|Any CPU.Build.0 = Release|Any CPU
		{D7EC6740-B9F0-43E6-ABA1-2A9D2C7F1A6F}.Debug|Any CPU.ActiveCfg = Debug|Any CPU
		{D7EC6740-B9F0-43E6-ABA1-2A9D2C7F1A6F}.Debug|Any CPU.Build.0 = Debug|Any CPU
		{D7EC6740-B9F0-43E6-ABA1-2A9D2C7F1A6F}.Release|Any CPU.ActiveCfg = Release|Any CPU
		{D7EC6740-B9F0-43E6-ABA1-2A9D2C7F1A6F}.Release|Any CPU.Build.0 = Release|Any CPU
	EndGlobalSection
	GlobalSection(SolutionProperties) = preSolution
		HideSolutionNode = FALSE
	EndGlobalSection
	GlobalSection(ExtensibilityGlobals) = postSolution
		SolutionGuid = {132F7770-7550-487E-B9A4-0B480DAED2A8}
	EndGlobalSection
EndGlobal
